
Microsoft Visual Studio Solution File, Format Version 12.00
# Visual Studio Version 16
VisualStudioVersion = 25.0.1700.0
MinimumVisualStudioVersion = 10.0.40219.1
Project("{FAE04EC0-301F-11D3-BF4B-00C04F79EFBC}") = "FileShare", "FileShare.csproj", "{30BEF875-54D9-4B2C-B5C2-E5819DCB528C}"
EndProject
Global
	GlobalSection(SolutionConfigurationPlatforms) = preSolution
		Debug|Any CPU = Debug|Any CPU
		Release|Any CPU = Release|Any CPU
	EndGlobalSection
	GlobalSection(ProjectConfigurationPlatforms) = postSolution
		{30BEF875-54D9-4B2C-B5C2-E5819DCB528C}.Debug|Any CPU.ActiveCfg = Debug|Any CPU
		{30BEF875-54D9-4B2C-B5C2-E5819DCB528C}.Debug|Any CPU.Build.0 = Debug|Any CPU
		{30BEF875-54D9-4B2C-B5C2-E5819DCB528C}.Release|Any CPU.ActiveCfg = Release|Any CPU
		{30BEF875-54D9-4B2C-B5C2-E5819DCB528C}.Release|Any CPU.Build.0 = Release|Any CPU
	EndGlobalSection
	GlobalSection(SolutionProperties) = preSolution
		HideSolutionNode = FALSE
	EndGlobalSection
	GlobalSection(ExtensibilityGlobals) = postSolution
		SolutionGuid = {EBEA42D1-4834-4A7A-AA55-523DBF643961}
	EndGlobalSection
EndGlobal
